
Microsoft Visual Studio Solution File, Format Version 12.00
# Visual Studio Version 17
VisualStudioVersion = 17.0.31903.59
MinimumVisualStudioVersion = 10.0.40219.1
Project("{FAE04EC0-301F-11D3-BF4B-00C04F79EFBC}") = "MQTTPublisher", "MQTTPublisher\MQTTPublisher.csproj", "{A221CCCF-8984-456F-B51B-20C9EA4C55D5}"
EndProject
Project("{FAE04EC0-301F-11D3-BF4B-00C04F79EFBC}") = "MQTTSubscriber", "MQTTSubscriber\MQTTSubscriber.csproj", "{8B43EF5C-5375-4877-862B-D1DCEF472DD3}"
EndProject
Global
	GlobalSection(SolutionConfigurationPlatforms) = preSolution
		Debug|Any CPU = Debug|Any CPU
		Release|Any CPU = Release|Any CPU
	EndGlobalSection
	GlobalSection(ProjectConfigurationPlatforms) = postSolution
		{A221CCCF-8984-456F-B51B-20C9EA4C55D5}.Debug|Any CPU.ActiveCfg = Debug|Any CPU
		{A221CCCF-8984-456F-B51B-20C9EA4C55D5}.Debug|Any CPU.Build.0 = Debug|Any CPU
		{A221CCCF-8984-456F-B51B-20C9EA4C55D5}.Release|Any CPU.ActiveCfg = Release|Any CPU
		{A221CCCF-8984-456F-B51B-20C9EA4C55D5}.Release|Any CPU.Build.0 = Release|Any CPU
		{8B43EF5C-5375-4877-862B-D1DCEF472DD3}.Debug|Any CPU.ActiveCfg = Debug|Any CPU
		{8B43EF5C-5375-4877-862B-D1DCEF472DD3}.Debug|Any CPU.Build.0 = Debug|Any CPU
		{8B43EF5C-5375-4877-862B-D1DCEF472DD3}.Release|Any CPU.ActiveCfg = Release|Any CPU
		{8B43EF5C-5375-4877-862B-D1DCEF472DD3}.Release|Any CPU.Build.0 = Release|Any CPU
	EndGlobalSection
	GlobalSection(SolutionProperties) = preSolution
		HideSolutionNode = FALSE
	EndGlobalSection
	GlobalSection(ExtensibilityGlobals) = postSolution
		SolutionGuid = {03FBDE48-E005-423E-AE47-1C8B8DB562C4}
	EndGlobalSection
EndGlobal
